
Microsoft Visual Studio Solution File, Format Version 12.00
# Visual Studio Version 17
VisualStudioVersion = 17.9.34310.174
MinimumVisualStudioVersion = 10.0.40219.1
Project("{FAE04EC0-301F-11D3-BF4B-00C04F79EFBC}") = "Order.API", "Order.API\Order.API.csproj", "{19BFA397-2798-4B6E-B14F-E3C967031CDF}"
EndProject
Project("{FAE04EC0-301F-11D3-BF4B-00C04F79EFBC}") = "Stock.API", "Stock.API\Stock.API.csproj", "{3B7FACC3-C8F0-48EB-9E9A-7525CC0DBFF0}"
EndProject
Project("{FAE04EC0-301F-11D3-BF4B-00C04F79EFBC}") = "Payment.API", "Payment.API\Payment.API.csproj", "{A48D6F8F-63F9-4D74-9DCC-D4F6EF287B2D}"
EndProject
Project("{FAE04EC0-301F-11D3-BF4B-00C04F79EFBC}") = "Shared", "Shared\Shared.csproj", "{25F863B8-1E80-4A91-BDF7-9BE80DB4DDBE}"
EndProject
Project("{FAE04EC0-301F-11D3-BF4B-00C04F79EFBC}") = "SagaStateMachine.Service", "SagaStateMachine.Service\SagaStateMachine.Service.csproj", "{33BC222B-F395-4733-9048-5B59A3B8B065}"
EndProject
Global
	GlobalSection(SolutionConfigurationPlatforms) = preSolution
		Debug|Any CPU = Debug|Any CPU
		Release|Any CPU = Release|Any CPU
	EndGlobalSection
	GlobalSection(ProjectConfigurationPlatforms) = postSolution
		{19BFA397-2798-4B6E-B14F-E3C967031CDF}.Debug|Any CPU.ActiveCfg = Debug|Any CPU
		{19BFA397-2798-4B6E-B14F-E3C967031CDF}.Debug|Any CPU.Build.0 = Debug|Any CPU
		{19BFA397-2798-4B6E-B14F-E3C967031CDF}.Release|Any CPU.ActiveCfg = Release|Any CPU
		{19BFA397-2798-4B6E-B14F-E3C967031CDF}.Release|Any CPU.Build.0 = Release|Any CPU
		{3B7FACC3-C8F0-48EB-9E9A-7525CC0DBFF0}.Debug|Any CPU.ActiveCfg = Debug|Any CPU
		{3B7FACC3-C8F0-48EB-9E9A-7525CC0DBFF0}.Debug|Any CPU.Build.0 = Debug|Any CPU
		{3B7FACC3-C8F0-48EB-9E9A-7525CC0DBFF0}.Release|Any CPU.ActiveCfg = Release|Any CPU
		{3B7FACC3-C8F0-48EB-9E9A-7525CC0DBFF0}.Release|Any CPU.Build.0 = Release|Any CPU
		{A48D6F8F-63F9-4D74-9DCC-D4F6EF287B2D}.Debug|Any CPU.ActiveCfg = Debug|Any CPU
		{A48D6F8F-63F9-4D74-9DCC-D4F6EF287B2D}.Debug|Any CPU.Build.0 = Debug|Any CPU
		{A48D6F8F-63F9-4D74-9DCC-D4F6EF287B2D}.Release|Any CPU.ActiveCfg = Release|Any CPU
		{A48D6F8F-63F9-4D74-9DCC-D4F6EF287B2D}.Release|Any CPU.Build.0 = Release|Any CPU
		{25F863B8-1E80-4A91-BDF7-9BE80DB4DDBE}.Debug|Any CPU.ActiveCfg = Debug|Any CPU
		{25F863B8-1E80-4A91-BDF7-9BE80DB4DDBE}.Debug|Any CPU.Build.0 = Debug|Any CPU
		{25F863B8-1E80-4A91-BDF7-9BE80DB4DDBE}.Release|Any CPU.ActiveCfg = Release|Any CPU
		{25F863B8-1E80-4A91-BDF7-9BE80DB4DDBE}.Release|Any CPU.Build.0 = Release|Any CPU
		{33BC222B-F395-4733-9048-5B59A3B8B065}.Debug|Any CPU.ActiveCfg = Debug|Any CPU
		{33BC222B-F395-4733-9048-5B59A3B8B065}.Debug|Any CPU.Build.0 = Debug|Any CPU
		{33BC222B-F395-4733-9048-5B59A3B8B065}.Release|Any CPU.ActiveCfg = Release|Any CPU
		{33BC222B-F395-4733-9048-5B59A3B8B065}.Release|Any CPU.Build.0 = Release|Any CPU
	EndGlobalSection
	GlobalSection(SolutionProperties) = preSolution
		HideSolutionNode = FALSE
	EndGlobalSection
	GlobalSection(ExtensibilityGlobals) = postSolution
		SolutionGuid = {F34BAA5B-5CC6-4DAE-8BC5-6052049DD1B6}
	EndGlobalSection
EndGlobal
